
Microsoft Visual Studio Solution File, Format Version 12.00
# Visual Studio Version 17
VisualStudioVersion = 17.9.34622.214
MinimumVisualStudioVersion = 10.0.40219.1
Project("{FAE04EC0-301F-11D3-BF4B-00C04F79EFBC}") = "KomisyonHesapla", "KomisyonHesapla\KomisyonHesapla.csproj", "{23F89D60-8C58-49F8-8D0F-4E8B84CBD719}"
EndProject
Global
	GlobalSection(SolutionConfigurationPlatforms) = preSolution
		Debug|Any CPU = Debug|Any CPU
		Release|Any CPU = Release|Any CPU
	EndGlobalSection
	GlobalSection(ProjectConfigurationPlatforms) = postSolution
		{23F89D60-8C58-49F8-8D0F-4E8B84CBD719}.Debug|Any CPU.ActiveCfg = Debug|Any CPU
		{23F89D60-8C58-49F8-8D0F-4E8B84CBD719}.Debug|Any CPU.Build.0 = Debug|Any CPU
		{23F89D60-8C58-49F8-8D0F-4E8B84CBD719}.Release|Any CPU.ActiveCfg = Release|Any CPU
		{23F89D60-8C58-49F8-8D0F-4E8B84CBD719}.Release|Any CPU.Build.0 = Release|Any CPU
	EndGlobalSection
	GlobalSection(SolutionProperties) = preSolution
		HideSolutionNode = FALSE
	EndGlobalSection
	GlobalSection(ExtensibilityGlobals) = postSolution
		SolutionGuid = {18554192-EC48-484A-B6A3-91AEA064AE02}
	EndGlobalSection
EndGlobal
